
Microsoft Visual Studio Solution File, Format Version 12.00
# Visual Studio Version 16
VisualStudioVersion = 16.0.30011.22
MinimumVisualStudioVersion = 10.0.40219.1
Project("{9A19103F-16F7-4668-BE54-9A1E7A4F7556}") = "PerpetualGuardian", "PerpetualGuardian\PerpetualGuardian.csproj", "{A585B45A-C14F-44D3-AEC1-919A7B3B9FD3}"
EndProject
Project("{FAE04EC0-301F-11D3-BF4B-00C04F79EFBC}") = "PerpetualGuardianTest", "PerpetualGuardianTest\PerpetualGuardianTest.csproj", "{0E288FAA-5579-437C-B969-68609869D964}"
EndProject
Global
	GlobalSection(SolutionConfigurationPlatforms) = preSolution
		Debug|Any CPU = Debug|Any CPU
		Release|Any CPU = Release|Any CPU
	EndGlobalSection
	GlobalSection(ProjectConfigurationPlatforms) = postSolution
		{A585B45A-C14F-44D3-AEC1-919A7B3B9FD3}.Debug|Any CPU.ActiveCfg = Debug|Any CPU
		{A585B45A-C14F-44D3-AEC1-919A7B3B9FD3}.Debug|Any CPU.Build.0 = Debug|Any CPU
		{A585B45A-C14F-44D3-AEC1-919A7B3B9FD3}.Release|Any CPU.ActiveCfg = Release|Any CPU
		{A585B45A-C14F-44D3-AEC1-919A7B3B9FD3}.Release|Any CPU.Build.0 = Release|Any CPU
		{0E288FAA-5579-437C-B969-68609869D964}.Debug|Any CPU.ActiveCfg = Debug|Any CPU
		{0E288FAA-5579-437C-B969-68609869D964}.Debug|Any CPU.Build.0 = Debug|Any CPU
		{0E288FAA-5579-437C-B969-68609869D964}.Release|Any CPU.ActiveCfg = Release|Any CPU
		{0E288FAA-5579-437C-B969-68609869D964}.Release|Any CPU.Build.0 = Release|Any CPU
	EndGlobalSection
	GlobalSection(SolutionProperties) = preSolution
		HideSolutionNode = FALSE
	EndGlobalSection
	GlobalSection(ExtensibilityGlobals) = postSolution
		SolutionGuid = {53CD0BC2-0F70-4BEF-8A9F-10AF586E2212}
	EndGlobalSection
EndGlobal
